{
  "name": "cumcord",
  "version": "0.0.1",
  "lockfileVersion": 2,
  "requires": true,
  "packages": {
    "": {
      "name": "cumcord",
      "version": "0.0.1",
      "hasInstallScript": true,
      "license": "CC0-1.0",
      "dependencies": {
        "idb-keyval": "^5.1.5",
        "nests": "^2.3.1"
      },
      "devDependencies": {
        "esbuild": "^0.12.29",
        "esbuild-plugin-alias": "^0.1.2",
        "husky": "^7.0.4",
        "prettier": "^2.6.1"
      }
    },
    "node_modules/esbuild": {
      "version": "0.12.29",
      "resolved": "https://registry.npmjs.org/esbuild/-/esbuild-0.12.29.tgz",
      "integrity": "sha512-w/XuoBCSwepyiZtIRsKsetiLDUVGPVw1E/R3VTFSecIy8UR7Cq3SOtwKHJMFoVqqVG36aGkzh4e8BvpO1Fdc7g==",
      "dev": true,
      "hasInstallScript": true,
      "bin": {
        "esbuild": "bin/esbuild"
      }
    },
    "node_modules/esbuild-plugin-alias": {
      "version": "0.1.2",
      "resolved": "https://registry.npmjs.org/esbuild-plugin-alias/-/esbuild-plugin-alias-0.1.2.tgz",
      "integrity": "sha512-WsX0OJy8IGOsGZV+4oHEU5B6XQUpxOsZN1iSoYf9COTDbY7WXcOwd1oCLYNWUIWCExyGXSghIGq2k7sXBldxwQ==",
      "dev": true
    },
    "node_modules/husky": {
      "version": "7.0.4",
      "resolved": "https://registry.npmjs.org/husky/-/husky-7.0.4.tgz",
      "integrity": "sha512-vbaCKN2QLtP/vD4yvs6iz6hBEo6wkSzs8HpRah1Z6aGmF2KW5PdYuAd7uX5a+OyBZHBhd+TFLqgjUgytQr4RvQ==",
      "dev": true,
      "bin": {
        "husky": "lib/bin.js"
      },
      "engines": {
        "node": ">=12"
      },
      "funding": {
        "url": "https://github.com/sponsors/typicode"
      }
    },
    "node_modules/idb-keyval": {
      "version": "5.1.5",
      "resolved": "https://registry.npmjs.org/idb-keyval/-/idb-keyval-5.1.5.tgz",
      "integrity": "sha512-J1utxYWQokYjy01LvDQ7WmiAtZCGUSkVi9EIBfUSyLOr/BesnMIxNGASTh9A1LzeISSjSqEPsfFdTss7EE7ofQ==",
      "dependencies": {
        "safari-14-idb-fix": "^1.0.6"
      }
    },
    "node_modules/js-tokens": {
      "version": "4.0.0",
      "resolved": "https://registry.npmjs.org/js-tokens/-/js-tokens-4.0.0.tgz",
      "integrity": "sha512-RdJUflcE3cUzKiMqQgsCu06FPu9UdIJO0beYbPhHN4k6apgJtifcoCtT9bcxOpYBtpD2kCM6Sbzg4CausW/PKQ==",
      "peer": true
    },
    "node_modules/loose-envify": {
      "version": "1.4.0",
      "resolved": "https://registry.npmjs.org/loose-envify/-/loose-envify-1.4.0.tgz",
      "integrity": "sha512-lyuxPGr/Wfhrlem2CL/UcnUc1zcqKAImBDzukY7Y5F/yQiNdko6+fRLevlw1HgMySw7f611UIY408EtxRSoK3Q==",
      "peer": true,
      "dependencies": {
        "js-tokens": "^3.0.0 || ^4.0.0"
      },
      "bin": {
        "loose-envify": "cli.js"
      }
    },
    "node_modules/nests": {
      "version": "2.3.1",
      "resolved": "https://registry.npmjs.org/nests/-/nests-2.3.1.tgz",
      "integrity": "sha512-mq9g10tzsaGbS/c5RUJVwiJVqo89JA/KIYPpBDQlKnyviJ7EDUaboIWsuWx0Abe49nys8MjnB6vK53KF1m6MUQ==",
      "peerDependencies": {
        "react": ">=16.8",
        "solid-js": ">=1.0.0"
      }
    },
    "node_modules/object-assign": {
      "version": "4.1.1",
      "resolved": "https://registry.npmjs.org/object-assign/-/object-assign-4.1.1.tgz",
      "integrity": "sha1-IQmtx5ZYh8/AXLvUQsrIv7s2CGM=",
      "peer": true,
      "engines": {
        "node": ">=0.10.0"
      }
    },
    "node_modules/prettier": {
      "version": "2.6.1",
      "resolved": "https://registry.npmjs.org/prettier/-/prettier-2.6.1.tgz",
      "integrity": "sha512-8UVbTBYGwN37Bs9LERmxCPjdvPxlEowx2urIL6urHzdb3SDq4B/Z6xLFCblrSnE4iKWcS6ziJ3aOYrc1kz/E2A==",
      "dev": true,
      "bin": {
        "prettier": "bin-prettier.js"
      },
      "engines": {
        "node": ">=10.13.0"
      },
      "funding": {
        "url": "https://github.com/prettier/prettier?sponsor=1"
      }
    },
    "node_modules/react": {
      "version": "17.0.2",
      "resolved": "https://registry.npmjs.org/react/-/react-17.0.2.tgz",
      "integrity": "sha512-gnhPt75i/dq/z3/6q/0asP78D0u592D5L1pd7M8P+dck6Fu/jJeL6iVVK23fptSUZj8Vjf++7wXA8UNclGQcbA==",
      "peer": true,
      "dependencies": {
        "loose-envify": "^1.1.0",
        "object-assign": "^4.1.1"
      },
      "engines": {
        "node": ">=0.10.0"
      }
    },
    "node_modules/safari-14-idb-fix": {
      "version": "1.0.6",
      "resolved": "https://registry.npmjs.org/safari-14-idb-fix/-/safari-14-idb-fix-1.0.6.tgz",
      "integrity": "sha512-oTEQOdMwRX+uCtWCKT1nx2gAeSdpr8elg/2gcaKUH00SJU2xWESfkx11nmXwTRHy7xfQoj1o4TTQvdmuBosTnA=="
    },
    "node_modules/solid-js": {
      "version": "1.3.13",
      "resolved": "https://registry.npmjs.org/solid-js/-/solid-js-1.3.13.tgz",
      "integrity": "sha512-1EBEIW9u2yqT5QNjFdvz/tMAoKsDdaRA2Jbgykd2Dt13Ia0D4mV+BFvPkOaseSyu7DsMKS23+ZZofV8BVKmpuQ==",
      "peer": true
    }
  },
  "dependencies": {
    "esbuild": {
      "version": "0.12.29",
      "resolved": "https://registry.npmjs.org/esbuild/-/esbuild-0.12.29.tgz",
      "integrity": "sha512-w/XuoBCSwepyiZtIRsKsetiLDUVGPVw1E/R3VTFSecIy8UR7Cq3SOtwKHJMFoVqqVG36aGkzh4e8BvpO1Fdc7g==",
      "dev": true
    },
    "esbuild-plugin-alias": {
      "version": "0.1.2",
      "resolved": "https://registry.npmjs.org/esbuild-plugin-alias/-/esbuild-plugin-alias-0.1.2.tgz",
      "integrity": "sha512-WsX0OJy8IGOsGZV+4oHEU5B6XQUpxOsZN1iSoYf9COTDbY7WXcOwd1oCLYNWUIWCExyGXSghIGq2k7sXBldxwQ==",
      "dev": true
    },
    "husky": {
      "version": "7.0.4",
      "resolved": "https://registry.npmjs.org/husky/-/husky-7.0.4.tgz",
      "integrity": "sha512-vbaCKN2QLtP/vD4yvs6iz6hBEo6wkSzs8HpRah1Z6aGmF2KW5PdYuAd7uX5a+OyBZHBhd+TFLqgjUgytQr4RvQ==",
      "dev": true
    },
    "idb-keyval": {
      "version": "5.1.5",
      "resolved": "https://registry.npmjs.org/idb-keyval/-/idb-keyval-5.1.5.tgz",
      "integrity": "sha512-J1utxYWQokYjy01LvDQ7WmiAtZCGUSkVi9EIBfUSyLOr/BesnMIxNGASTh9A1LzeISSjSqEPsfFdTss7EE7ofQ==",
      "requires": {
        "safari-14-idb-fix": "^1.0.6"
      }
    },
    "js-tokens": {
      "version": "4.0.0",
      "resolved": "https://registry.npmjs.org/js-tokens/-/js-tokens-4.0.0.tgz",
      "integrity": "sha512-RdJUflcE3cUzKiMqQgsCu06FPu9UdIJO0beYbPhHN4k6apgJtifcoCtT9bcxOpYBtpD2kCM6Sbzg4CausW/PKQ==",
      "peer": true
    },
    "loose-envify": {
      "version": "1.4.0",
      "resolved": "https://registry.npmjs.org/loose-envify/-/loose-envify-1.4.0.tgz",
      "integrity": "sha512-lyuxPGr/Wfhrlem2CL/UcnUc1zcqKAImBDzukY7Y5F/yQiNdko6+fRLevlw1HgMySw7f611UIY408EtxRSoK3Q==",
      "peer": true,
      "requires": {
        "js-tokens": "^3.0.0 || ^4.0.0"
      }
    },
    "nests": {
      "version": "2.3.1",
      "resolved": "https://registry.npmjs.org/nests/-/nests-2.3.1.tgz",
      "integrity": "sha512-mq9g10tzsaGbS/c5RUJVwiJVqo89JA/KIYPpBDQlKnyviJ7EDUaboIWsuWx0Abe49nys8MjnB6vK53KF1m6MUQ==",
      "requires": {}
    },
    "object-assign": {
      "version": "4.1.1",
      "resolved": "https://registry.npmjs.org/object-assign/-/object-assign-4.1.1.tgz",
      "integrity": "sha1-IQmtx5ZYh8/AXLvUQsrIv7s2CGM=",
      "peer": true
    },
    "prettier": {
      "version": "2.6.1",
      "resolved": "https://registry.npmjs.org/prettier/-/prettier-2.6.1.tgz",
      "integrity": "sha512-8UVbTBYGwN37Bs9LERmxCPjdvPxlEowx2urIL6urHzdb3SDq4B/Z6xLFCblrSnE4iKWcS6ziJ3aOYrc1kz/E2A==",
      "dev": true
    },
    "react": {
      "version": "17.0.2",
      "resolved": "https://registry.npmjs.org/react/-/react-17.0.2.tgz",
      "integrity": "sha512-gnhPt75i/dq/z3/6q/0asP78D0u592D5L1pd7M8P+dck6Fu/jJeL6iVVK23fptSUZj8Vjf++7wXA8UNclGQcbA==",
      "peer": true,
      "requires": {
        "loose-envify": "^1.1.0",
        "object-assign": "^4.1.1"
      }
    },
    "safari-14-idb-fix": {
      "version": "1.0.6",
      "resolved": "https://registry.npmjs.org/safari-14-idb-fix/-/safari-14-idb-fix-1.0.6.tgz",
      "integrity": "sha512-oTEQOdMwRX+uCtWCKT1nx2gAeSdpr8elg/2gcaKUH00SJU2xWESfkx11nmXwTRHy7xfQoj1o4TTQvdmuBosTnA=="
    },
    "solid-js": {
      "version": "1.3.13",
      "resolved": "https://registry.npmjs.org/solid-js/-/solid-js-1.3.13.tgz",
      "integrity": "sha512-1EBEIW9u2yqT5QNjFdvz/tMAoKsDdaRA2Jbgykd2Dt13Ia0D4mV+BFvPkOaseSyu7DsMKS23+ZZofV8BVKmpuQ==",
      "peer": true
    }
  }
}
