lockfileVersion: 5.3

specifiers:
  esbuild: ^0.12.24
  esbuild-plugin-alias: ^0.1.2
  idb-keyval: ^5.0.6
  nests: ^2.0.0-alpha.11

dependencies:
  idb-keyval: 5.1.3
  nests: 2.0.0-alpha.11

devDependencies:
  esbuild: 0.12.24
  esbuild-plugin-alias: 0.1.2

packages:

  /esbuild-plugin-alias/0.1.2:
    resolution: {integrity: sha512-WsX0OJy8IGOsGZV+4oHEU5B6XQUpxOsZN1iSoYf9COTDbY7WXcOwd1oCLYNWUIWCExyGXSghIGq2k7sXBldxwQ==}
    dev: true

  /esbuild/0.12.24:
    resolution: {integrity: sha512-C0ibY+HsXzYB6L/pLWEiWjMpghKsIc58Q5yumARwBQsHl9DXPakW+5NI/Y9w4YXiz0PEP6XTGTT/OV4Nnsmb4A==}
    hasBin: true
    requiresBuild: true
    dev: true

  /idb-keyval/5.1.3:
    resolution: {integrity: sha512-N9HbCK/FaXSRVI+k6Xq4QgWxbcZRUv+SfG1y7HJ28JdV8yEJu6k+C/YLea7npGckX2DQJeEVuMc4bKOBeU/2LQ==}
    dependencies:
      safari-14-idb-fix: 1.0.4
    dev: false

  /nests/2.0.0-alpha.11:
    resolution: {integrity: sha512-M3T7kScddUZEqvovEgXzROe+neDzXU0Bk9I7y3xpKKLve0C2aGvty8XXPB6l7BcnGwFQFNlbTI7BuzhIXKIT/w==}
    peerDependencies:
      react: '>=16.8'
    dev: false

  /safari-14-idb-fix/1.0.4:
    resolution: {integrity: sha512-4+Y2baQdgJpzu84d0QjySl70Kyygzf0pepVg8NVg4NnQEPpfC91fAn0baNvtStlCjUUxxiu0BOMiafa98fRRuA==}
    dev: false
