lockfileVersion: 5.3

specifiers:
  esbuild: ^0.12.29
  esbuild-plugin-alias: ^0.1.2
  husky: ^7.0.4
  idb-keyval: ^5.1.5
  nests: ^2.3.1
  prettier: ^2.6.1
  spitroast: ^1.1.4

dependencies:
  idb-keyval: 5.1.5
  nests: 2.3.1
  spitroast: 1.1.4

devDependencies:
  esbuild: 0.12.29
  esbuild-plugin-alias: 0.1.2
  husky: 7.0.4
  prettier: 2.6.1

packages:

  /esbuild-android-64/0.14.36:
    resolution: {integrity: sha512-jwpBhF1jmo0tVCYC/ORzVN+hyVcNZUWuozGcLHfod0RJCedTDTvR4nwlTXdx1gtncDqjk33itjO+27OZHbiavw==}
    engines: {node: '>=12'}
    cpu: [x64]
    os: [android]
    requiresBuild: true
    dev: false
    optional: true

  /esbuild-android-arm64/0.14.36:
    resolution: {integrity: sha512-/hYkyFe7x7Yapmfv4X/tBmyKnggUmdQmlvZ8ZlBnV4+PjisrEhAvC3yWpURuD9XoB8Wa1d5dGkTsF53pIvpjsg==}
    engines: {node: '>=12'}
    cpu: [arm64]
    os: [android]
    requiresBuild: true
    dev: false
    optional: true

  /esbuild-darwin-64/0.14.36:
    resolution: {integrity: sha512-kkl6qmV0dTpyIMKagluzYqlc1vO0ecgpviK/7jwPbRDEv5fejRTaBBEE2KxEQbTHcLhiiDbhG7d5UybZWo/1zQ==}
    engines: {node: '>=12'}
    cpu: [x64]
    os: [darwin]
    requiresBuild: true
    dev: false
    optional: true

  /esbuild-darwin-arm64/0.14.36:
    resolution: {integrity: sha512-q8fY4r2Sx6P0Pr3VUm//eFYKVk07C5MHcEinU1BjyFnuYz4IxR/03uBbDwluR6ILIHnZTE7AkTUWIdidRi1Jjw==}
    engines: {node: '>=12'}
    cpu: [arm64]
    os: [darwin]
    requiresBuild: true
    dev: false
    optional: true

  /esbuild-freebsd-64/0.14.36:
    resolution: {integrity: sha512-Hn8AYuxXXRptybPqoMkga4HRFE7/XmhtlQjXFHoAIhKUPPMeJH35GYEUWGbjteai9FLFvBAjEAlwEtSGxnqWww==}
    engines: {node: '>=12'}
    cpu: [x64]
    os: [freebsd]
    requiresBuild: true
    dev: false
    optional: true

  /esbuild-freebsd-arm64/0.14.36:
    resolution: {integrity: sha512-S3C0attylLLRiCcHiJd036eDEMOY32+h8P+jJ3kTcfhJANNjP0TNBNL30TZmEdOSx/820HJFgRrqpNAvTbjnDA==}
    engines: {node: '>=12'}
    cpu: [arm64]
    os: [freebsd]
    requiresBuild: true
    dev: false
    optional: true

  /esbuild-linux-32/0.14.36:
    resolution: {integrity: sha512-Eh9OkyTrEZn9WGO4xkI3OPPpUX7p/3QYvdG0lL4rfr73Ap2HAr6D9lP59VMF64Ex01LhHSXwIsFG/8AQjh6eNw==}
    engines: {node: '>=12'}
    cpu: [ia32]
    os: [linux]
    requiresBuild: true
    dev: false
    optional: true

  /esbuild-linux-64/0.14.36:
    resolution: {integrity: sha512-vFVFS5ve7PuwlfgoWNyRccGDi2QTNkQo/2k5U5ttVD0jRFaMlc8UQee708fOZA6zTCDy5RWsT5MJw3sl2X6KDg==}
    engines: {node: '>=12'}
    cpu: [x64]
    os: [linux]
    requiresBuild: true
    dev: false
    optional: true

  /esbuild-linux-arm/0.14.36:
    resolution: {integrity: sha512-NhgU4n+NCsYgt7Hy61PCquEz5aevI6VjQvxwBxtxrooXsxt5b2xtOUXYZe04JxqQo+XZk3d1gcr7pbV9MAQ/Lg==}
    engines: {node: '>=12'}
    cpu: [arm]
    os: [linux]
    requiresBuild: true
    dev: false
    optional: true

  /esbuild-linux-arm64/0.14.36:
    resolution: {integrity: sha512-24Vq1M7FdpSmaTYuu1w0Hdhiqkbto1I5Pjyi+4Cdw5fJKGlwQuw+hWynTcRI/cOZxBcBpP21gND7W27gHAiftw==}
    engines: {node: '>=12'}
    cpu: [arm64]
    os: [linux]
    requiresBuild: true
    dev: false
    optional: true

  /esbuild-linux-mips64le/0.14.36:
    resolution: {integrity: sha512-hZUeTXvppJN+5rEz2EjsOFM9F1bZt7/d2FUM1lmQo//rXh1RTFYzhC0txn7WV0/jCC7SvrGRaRz0NMsRPf8SIA==}
    engines: {node: '>=12'}
    cpu: [mips64el]
    os: [linux]
    requiresBuild: true
    dev: false
    optional: true

  /esbuild-linux-ppc64le/0.14.36:
    resolution: {integrity: sha512-1Bg3QgzZjO+QtPhP9VeIBhAduHEc2kzU43MzBnMwpLSZ890azr4/A9Dganun8nsqD/1TBcqhId0z4mFDO8FAvg==}
    engines: {node: '>=12'}
    cpu: [ppc64]
    os: [linux]
    requiresBuild: true
    dev: false
    optional: true

  /esbuild-linux-riscv64/0.14.36:
    resolution: {integrity: sha512-dOE5pt3cOdqEhaufDRzNCHf5BSwxgygVak9UR7PH7KPVHwSTDAZHDoEjblxLqjJYpc5XaU9+gKJ9F8mp9r5I4A==}
    engines: {node: '>=12'}
    cpu: [riscv64]
    os: [linux]
    requiresBuild: true
    dev: false
    optional: true

  /esbuild-linux-s390x/0.14.36:
    resolution: {integrity: sha512-g4FMdh//BBGTfVHjF6MO7Cz8gqRoDPzXWxRvWkJoGroKA18G9m0wddvPbEqcQf5Tbt2vSc1CIgag7cXwTmoTXg==}
    engines: {node: '>=12'}
    cpu: [s390x]
    os: [linux]
    requiresBuild: true
    dev: false
    optional: true

  /esbuild-netbsd-64/0.14.36:
    resolution: {integrity: sha512-UB2bVImxkWk4vjnP62ehFNZ73lQY1xcnL5ZNYF3x0AG+j8HgdkNF05v67YJdCIuUJpBuTyCK8LORCYo9onSW+A==}
    engines: {node: '>=12'}
    cpu: [x64]
    os: [netbsd]
    requiresBuild: true
    dev: false
    optional: true

  /esbuild-openbsd-64/0.14.36:
    resolution: {integrity: sha512-NvGB2Chf8GxuleXRGk8e9zD3aSdRO5kLt9coTQbCg7WMGXeX471sBgh4kSg8pjx0yTXRt0MlrUDnjVYnetyivg==}
    engines: {node: '>=12'}
    cpu: [x64]
    os: [openbsd]
    requiresBuild: true
    dev: false
    optional: true

  /esbuild-plugin-alias/0.1.2:
    resolution: {integrity: sha512-WsX0OJy8IGOsGZV+4oHEU5B6XQUpxOsZN1iSoYf9COTDbY7WXcOwd1oCLYNWUIWCExyGXSghIGq2k7sXBldxwQ==}
    dev: true

  /esbuild-sunos-64/0.14.36:
    resolution: {integrity: sha512-VkUZS5ftTSjhRjuRLp+v78auMO3PZBXu6xl4ajomGenEm2/rGuWlhFSjB7YbBNErOchj51Jb2OK8lKAo8qdmsQ==}
    engines: {node: '>=12'}
    cpu: [x64]
    os: [sunos]
    requiresBuild: true
    dev: false
    optional: true

  /esbuild-windows-32/0.14.36:
    resolution: {integrity: sha512-bIar+A6hdytJjZrDxfMBUSEHHLfx3ynoEZXx/39nxy86pX/w249WZm8Bm0dtOAByAf4Z6qV0LsnTIJHiIqbw0w==}
    engines: {node: '>=12'}
    cpu: [ia32]
    os: [win32]
    requiresBuild: true
    dev: false
    optional: true

  /esbuild-windows-64/0.14.36:
    resolution: {integrity: sha512-+p4MuRZekVChAeueT1Y9LGkxrT5x7YYJxYE8ZOTcEfeUUN43vktSn6hUNsvxzzATrSgq5QqRdllkVBxWZg7KqQ==}
    engines: {node: '>=12'}
    cpu: [x64]
    os: [win32]
    requiresBuild: true
    dev: false
    optional: true

  /esbuild-windows-arm64/0.14.36:
    resolution: {integrity: sha512-fBB4WlDqV1m18EF/aheGYQkQZHfPHiHJSBYzXIo8yKehek+0BtBwo/4PNwKGJ5T0YK0oc8pBKjgwPbzSrPLb+Q==}
    engines: {node: '>=12'}
    cpu: [arm64]
    os: [win32]
    requiresBuild: true
    dev: false
    optional: true

  /esbuild/0.12.29:
    resolution: {integrity: sha512-w/XuoBCSwepyiZtIRsKsetiLDUVGPVw1E/R3VTFSecIy8UR7Cq3SOtwKHJMFoVqqVG36aGkzh4e8BvpO1Fdc7g==}
    hasBin: true
    requiresBuild: true
    dev: true

  /esbuild/0.14.36:
    resolution: {integrity: sha512-HhFHPiRXGYOCRlrhpiVDYKcFJRdO0sBElZ668M4lh2ER0YgnkLxECuFe7uWCf23FrcLc59Pqr7dHkTqmRPDHmw==}
    engines: {node: '>=12'}
    hasBin: true
    requiresBuild: true
    optionalDependencies:
      esbuild-android-64: 0.14.36
      esbuild-android-arm64: 0.14.36
      esbuild-darwin-64: 0.14.36
      esbuild-darwin-arm64: 0.14.36
      esbuild-freebsd-64: 0.14.36
      esbuild-freebsd-arm64: 0.14.36
      esbuild-linux-32: 0.14.36
      esbuild-linux-64: 0.14.36
      esbuild-linux-arm: 0.14.36
      esbuild-linux-arm64: 0.14.36
      esbuild-linux-mips64le: 0.14.36
      esbuild-linux-ppc64le: 0.14.36
      esbuild-linux-riscv64: 0.14.36
      esbuild-linux-s390x: 0.14.36
      esbuild-netbsd-64: 0.14.36
      esbuild-openbsd-64: 0.14.36
      esbuild-sunos-64: 0.14.36
      esbuild-windows-32: 0.14.36
      esbuild-windows-64: 0.14.36
      esbuild-windows-arm64: 0.14.36
    dev: false

  /husky/7.0.4:
    resolution: {integrity: sha512-vbaCKN2QLtP/vD4yvs6iz6hBEo6wkSzs8HpRah1Z6aGmF2KW5PdYuAd7uX5a+OyBZHBhd+TFLqgjUgytQr4RvQ==}
    engines: {node: '>=12'}
    hasBin: true
    dev: true

  /idb-keyval/5.1.5:
    resolution: {integrity: sha512-J1utxYWQokYjy01LvDQ7WmiAtZCGUSkVi9EIBfUSyLOr/BesnMIxNGASTh9A1LzeISSjSqEPsfFdTss7EE7ofQ==}
    dependencies:
      safari-14-idb-fix: 1.0.6
    dev: false

  /nests/2.3.1:
    resolution: {integrity: sha512-mq9g10tzsaGbS/c5RUJVwiJVqo89JA/KIYPpBDQlKnyviJ7EDUaboIWsuWx0Abe49nys8MjnB6vK53KF1m6MUQ==}
    peerDependencies:
      react: '>=16.8'
      solid-js: '>=1.0.0'
    dev: false

  /prettier/2.6.1:
    resolution: {integrity: sha512-8UVbTBYGwN37Bs9LERmxCPjdvPxlEowx2urIL6urHzdb3SDq4B/Z6xLFCblrSnE4iKWcS6ziJ3aOYrc1kz/E2A==}
    engines: {node: '>=10.13.0'}
    hasBin: true
    dev: true

  /safari-14-idb-fix/1.0.6:
    resolution: {integrity: sha512-oTEQOdMwRX+uCtWCKT1nx2gAeSdpr8elg/2gcaKUH00SJU2xWESfkx11nmXwTRHy7xfQoj1o4TTQvdmuBosTnA==}
    dev: false

  /spitroast/1.1.4:
    resolution: {integrity: sha512-LXRJ1KtWnIbkCPGao9WMJbsQeBFuRDA9ImvoKNRD6tvWx5H3SmIPiR8O+PZcWNIitm3vi+QyV04OKb0UugVArg==}
    requiresBuild: true
    dependencies:
      esbuild: 0.14.36
    dev: false
